
Microsoft Visual Studio Solution File, Format Version 12.00
# Visual Studio Version 17
VisualStudioVersion = 17.7.34031.279
MinimumVisualStudioVersion = 10.0.40219.1
Project("{9A19103F-16F7-4668-BE54-9A1E7A4F7556}") = "KaddaOK.Library", "KaddaOK.Library\KaddaOK.Library.csproj", "{C728396A-6A55-43FE-93F7-22DD03B02BAF}"
EndProject
Project("{9A19103F-16F7-4668-BE54-9A1E7A4F7556}") = "KaddaOK.AvaloniaApp", "KaddaOK.AvaloniaApp\KaddaOK.AvaloniaApp.csproj", "{BCBD0B76-F6F3-4B8E-849F-BA16177270A3}"
EndProject
Project("{9A19103F-16F7-4668-BE54-9A1E7A4F7556}") = "KaddaOK.AvaloniaApp.Windows", "KaddaOK.AvaloniaApp.Windows\KaddaOK.AvaloniaApp.Windows.csproj", "{5D2E1833-120E-4B62-A4DF-22272FBBE298}"
EndProject
Project("{9A19103F-16F7-4668-BE54-9A1E7A4F7556}") = "KaddaOK.Library.Tests", "KaddaOK.Library.Tests\KaddaOK.Library.Tests.csproj", "{243ABA06-29AE-44D7-BA96-1872C5E96AD3}"
EndProject
Project("{9A19103F-16F7-4668-BE54-9A1E7A4F7556}") = "KaddaOK.AvaloniaApp.Tests", "KaddaOK.AvaloniaApp.Tests\KaddaOK.AvaloniaApp.Tests.csproj", "{543EAC32-83EC-4BA1-B84C-ECDE9A5496EF}"
EndProject
Global
	GlobalSection(SolutionConfigurationPlatforms) = preSolution
		Debug|Any CPU = Debug|Any CPU
		Release|Any CPU = Release|Any CPU
	EndGlobalSection
	GlobalSection(ProjectConfigurationPlatforms) = postSolution
		{C728396A-6A55-43FE-93F7-22DD03B02BAF}.Debug|Any CPU.ActiveCfg = Debug|Any CPU
		{C728396A-6A55-43FE-93F7-22DD03B02BAF}.Debug|Any CPU.Build.0 = Debug|Any CPU
		{C728396A-6A55-43FE-93F7-22DD03B02BAF}.Release|Any CPU.ActiveCfg = Release|Any CPU
		{C728396A-6A55-43FE-93F7-22DD03B02BAF}.Release|Any CPU.Build.0 = Release|Any CPU
		{BCBD0B76-F6F3-4B8E-849F-BA16177270A3}.Debug|Any CPU.ActiveCfg = Debug|Any CPU
		{BCBD0B76-F6F3-4B8E-849F-BA16177270A3}.Debug|Any CPU.Build.0 = Debug|Any CPU
		{BCBD0B76-F6F3-4B8E-849F-BA16177270A3}.Release|Any CPU.ActiveCfg = Release|Any CPU
		{BCBD0B76-F6F3-4B8E-849F-BA16177270A3}.Release|Any CPU.Build.0 = Release|Any CPU
		{5D2E1833-120E-4B62-A4DF-22272FBBE298}.Debug|Any CPU.ActiveCfg = Debug|Any CPU
		{5D2E1833-120E-4B62-A4DF-22272FBBE298}.Debug|Any CPU.Build.0 = Debug|Any CPU
		{5D2E1833-120E-4B62-A4DF-22272FBBE298}.Release|Any CPU.ActiveCfg = Release|Any CPU
		{5D2E1833-120E-4B62-A4DF-22272FBBE298}.Release|Any CPU.Build.0 = Release|Any CPU
		{243ABA06-29AE-44D7-BA96-1872C5E96AD3}.Debug|Any CPU.ActiveCfg = Debug|Any CPU
		{243ABA06-29AE-44D7-BA96-1872C5E96AD3}.Debug|Any CPU.Build.0 = Debug|Any CPU
		{243ABA06-29AE-44D7-BA96-1872C5E96AD3}.Release|Any CPU.ActiveCfg = Release|Any CPU
		{243ABA06-29AE-44D7-BA96-1872C5E96AD3}.Release|Any CPU.Build.0 = Release|Any CPU
		{543EAC32-83EC-4BA1-B84C-ECDE9A5496EF}.Debug|Any CPU.ActiveCfg = Debug|Any CPU
		{543EAC32-83EC-4BA1-B84C-ECDE9A5496EF}.Debug|Any CPU.Build.0 = Debug|Any CPU
		{543EAC32-83EC-4BA1-B84C-ECDE9A5496EF}.Release|Any CPU.ActiveCfg = Release|Any CPU
		{543EAC32-83EC-4BA1-B84C-ECDE9A5496EF}.Release|Any CPU.Build.0 = Release|Any CPU
	EndGlobalSection
	GlobalSection(SolutionProperties) = preSolution
		HideSolutionNode = FALSE
	EndGlobalSection
	GlobalSection(ExtensibilityGlobals) = postSolution
		SolutionGuid = {61F7FB11-1E47-470C-91E2-47F8143E1572}
	EndGlobalSection
EndGlobal
